
Microsoft Visual Studio Solution File, Format Version 12.00
# Visual Studio 15
VisualStudioVersion = 15.0.28307.1705
MinimumVisualStudioVersion = 10.0.40219.1
Project("{2150E333-8FDC-42A3-9474-1A3956D46DE8}") = "Solution Items", "Solution Items", "{81874EF6-0B21-4633-9FD6-2770D850F2C8}"
	ProjectSection(SolutionItems) = preProject
		.gitignore = .gitignore
	EndProjectSection
EndProject
Project("{FAE04EC0-301F-11D3-BF4B-00C04F79EFBC}") = "StoreFront.UI.MVC", "StoreFront.UI.MVC\StoreFront.UI.MVC.csproj", "{4C636811-B5C2-4E94-9BBE-DF592F5F6A05}"
EndProject
Project("{FAE04EC0-301F-11D3-BF4B-00C04F79EFBC}") = "StoreFront.DATA.EF", "StoreFront.DATA.EF\StoreFront.DATA.EF.csproj", "{A644384B-A28E-47BE-9230-FB2B20F31EEA}"
EndProject
Global
	GlobalSection(SolutionConfigurationPlatforms) = preSolution
		Debug|Any CPU = Debug|Any CPU
		Release|Any CPU = Release|Any CPU
	EndGlobalSection
	GlobalSection(ProjectConfigurationPlatforms) = postSolution
		{4C636811-B5C2-4E94-9BBE-DF592F5F6A05}.Debug|Any CPU.ActiveCfg = Debug|Any CPU
		{4C636811-B5C2-4E94-9BBE-DF592F5F6A05}.Debug|Any CPU.Build.0 = Debug|Any CPU
		{4C636811-B5C2-4E94-9BBE-DF592F5F6A05}.Release|Any CPU.ActiveCfg = Release|Any CPU
		{4C636811-B5C2-4E94-9BBE-DF592F5F6A05}.Release|Any CPU.Build.0 = Release|Any CPU
		{A644384B-A28E-47BE-9230-FB2B20F31EEA}.Debug|Any CPU.ActiveCfg = Debug|Any CPU
		{A644384B-A28E-47BE-9230-FB2B20F31EEA}.Debug|Any CPU.Build.0 = Debug|Any CPU
		{A644384B-A28E-47BE-9230-FB2B20F31EEA}.Release|Any CPU.ActiveCfg = Release|Any CPU
		{A644384B-A28E-47BE-9230-FB2B20F31EEA}.Release|Any CPU.Build.0 = Release|Any CPU
	EndGlobalSection
	GlobalSection(SolutionProperties) = preSolution
		HideSolutionNode = FALSE
	EndGlobalSection
	GlobalSection(ExtensibilityGlobals) = postSolution
		SolutionGuid = {CB585FBC-3A6B-4C64-B9FD-A38AD20DA73F}
	EndGlobalSection
EndGlobal
